
Microsoft Visual Studio Solution File, Format Version 12.00
# Visual Studio 2013
VisualStudioVersion = 12.0.31101.0
MinimumVisualStudioVersion = 10.0.40219.1
Project("{FAE04EC0-301F-11D3-BF4B-00C04F79EFBC}") = "MFPMacroAPI", "MFPMacroAPI\MFPMacroAPI.csproj", "{44980CCE-164A-497B-98FB-EE5CEC75C0FD}"
EndProject
Project("{FAE04EC0-301F-11D3-BF4B-00C04F79EFBC}") = "Scraper", "Scraper\Scraper.csproj", "{9B482A58-6B6C-4117-B47E-3DDEF4C4BF23}"
EndProject
Global
	GlobalSection(SolutionConfigurationPlatforms) = preSolution
		Debug|Any CPU = Debug|Any CPU
		Release|Any CPU = Release|Any CPU
	EndGlobalSection
	GlobalSection(ProjectConfigurationPlatforms) = postSolution
		{44980CCE-164A-497B-98FB-EE5CEC75C0FD}.Debug|Any CPU.ActiveCfg = Debug|Any CPU
		{44980CCE-164A-497B-98FB-EE5CEC75C0FD}.Debug|Any CPU.Build.0 = Debug|Any CPU
		{44980CCE-164A-497B-98FB-EE5CEC75C0FD}.Release|Any CPU.ActiveCfg = Release|Any CPU
		{44980CCE-164A-497B-98FB-EE5CEC75C0FD}.Release|Any CPU.Build.0 = Release|Any CPU
		{9B482A58-6B6C-4117-B47E-3DDEF4C4BF23}.Debug|Any CPU.ActiveCfg = Debug|Any CPU
		{9B482A58-6B6C-4117-B47E-3DDEF4C4BF23}.Debug|Any CPU.Build.0 = Debug|Any CPU
		{9B482A58-6B6C-4117-B47E-3DDEF4C4BF23}.Release|Any CPU.ActiveCfg = Release|Any CPU
		{9B482A58-6B6C-4117-B47E-3DDEF4C4BF23}.Release|Any CPU.Build.0 = Release|Any CPU
	EndGlobalSection
	GlobalSection(SolutionProperties) = preSolution
		HideSolutionNode = FALSE
	EndGlobalSection
EndGlobal
